
Microsoft Visual Studio Solution File, Format Version 12.00
# Visual Studio Version 17
VisualStudioVersion = 17.6.33829.357
MinimumVisualStudioVersion = 10.0.40219.1
Project("{FAE04EC0-301F-11D3-BF4B-00C04F79EFBC}") = "Kostinevich23VP2", "Kostinevich23VP2.csproj", "{2B3ADDDD-FEBE-4295-A4BD-2F5F65F0E4B6}"
EndProject
Global
	GlobalSection(SolutionConfigurationPlatforms) = preSolution
		Debug|Any CPU = Debug|Any CPU
		Release|Any CPU = Release|Any CPU
	EndGlobalSection
	GlobalSection(ProjectConfigurationPlatforms) = postSolution
		{2B3ADDDD-FEBE-4295-A4BD-2F5F65F0E4B6}.Debug|Any CPU.ActiveCfg = Debug|Any CPU
		{2B3ADDDD-FEBE-4295-A4BD-2F5F65F0E4B6}.Debug|Any CPU.Build.0 = Debug|Any CPU
		{2B3ADDDD-FEBE-4295-A4BD-2F5F65F0E4B6}.Release|Any CPU.ActiveCfg = Release|Any CPU
		{2B3ADDDD-FEBE-4295-A4BD-2F5F65F0E4B6}.Release|Any CPU.Build.0 = Release|Any CPU
	EndGlobalSection
	GlobalSection(SolutionProperties) = preSolution
		HideSolutionNode = FALSE
	EndGlobalSection
	GlobalSection(ExtensibilityGlobals) = postSolution
		SolutionGuid = {A8A9E64D-BDCE-4028-8E25-8711B62AD625}
	EndGlobalSection
EndGlobal
